// !$*UTF8*$!
{
	archiveVersion = 1;
	classes = {
	};
	objectVersion = 46;
	objects = {

/* Begin PBXBuildFile section */
		FFCD13671E7B20DB009762E1 /* biggestNumber.m in Sources */ = {isa = PBXBuildFile; fileRef = FFCD13661E7B20DB009762E1 /* biggestNumber.m */; };
		FFFCB6C31E68F12200EA4411 /* main.m in Sources */ = {isa = PBXBuildFile; fileRef = FFFCB6C21E68F12200EA4411 /* main.m */; };
/* End PBXBuildFile section */

/* Begin PBXCopyFilesBuildPhase section */
		FFFCB6BD1E68F12200EA4411 /* CopyFiles */ = {
			isa = PBXCopyFilesBuildPhase;
			buildActionMask = 2147483647;
			dstPath = /usr/share/man/man1/;
			dstSubfolderSpec = 0;
			files = (
			);
			runOnlyForDeploymentPostprocessing = 1;
		};
/* End PBXCopyFilesBuildPhase section */

/* Begin PBXFileReference section */
		FFCD13651E7B20DB009762E1 /* biggestNumber.h */ = {isa = PBXFileReference; fileEncoding = 4; lastKnownFileType = sourcecode.c.h; path = biggestNumber.h; sourceTree = "<group>"; };
		FFCD13661E7B20DB009762E1 /* biggestNumber.m */ = {isa = PBXFileReference; fileEncoding = 4; lastKnownFileType = sourcecode.c.objc; path = biggestNumber.m; sourceTree = "<group>"; };
		FFFCB6BF1E68F12200EA4411 /* FindTheLargestNumberInAnArray */ = {isa = PBXFileReference; explicitFileType = "compiled.mach-o.executable"; includeInIndex = 0; path = FindTheLargestNumberInAnArray; sourceTree = BUILT_PRODUCTS_DIR; };
		FFFCB6C21E68F12200EA4411 /* main.m */ = {isa = PBXFileReference; lastKnownFileType = sourcecode.c.objc; path = main.m; sourceTree = "<group>"; };
/* End PBXFileReference section */

/* Begin PBXFrameworksBuildPhase section */
		FFFCB6BC1E68F12200EA4411 /* Frameworks */ = {
			isa = PBXFrameworksBuildPhase;
			buildActionMask = 2147483647;
			files = (
			);
			runOnlyForDeploymentPostprocessing = 0;
		};
/* End PBXFrameworksBuildPhase section */

/* Begin PBXGroup section */
		FFFCB6B61E68F12200EA4411 = {
			isa = PBXGroup;
			children = (
				FFFCB6C11E68F12200EA4411 /* FindTheLargestNumberInAnArray */,
				FFFCB6C01E68F12200EA4411 /* Products */,
			);
			sourceTree = "<group>";
		};
		FFFCB6C01E68F12200EA4411 /* Products */ = {
			isa = PBXGroup;
			children = (
				FFFCB6BF1E68F12200EA4411 /* FindTheLargestNumberInAnArray */,
			);
			name = Products;
			sourceTree = "<group>";
		};
		FFFCB6C11E68F12200EA4411 /* FindTheLargestNumberInAnArray */ = {
			isa = PBXGroup;
			children = (
				FFFCB6C21E68F12200EA4411 /* main.m */,
				FFCD13651E7B20DB009762E1 /* biggestNumber.h */,
				FFCD13661E7B20DB009762E1 /* biggestNumber.m */,
			);
			path = FindTheLargestNumberInAnArray;
			sourceTree = "<group>";
		};
/* End PBXGroup section */

/* Begin PBXNativeTarget section */
		FFFCB6BE1E68F12200EA4411 /* FindTheLargestNumberInAnArray */ = {
			isa = PBXNativeTarget;
			buildConfigurationList = FFFCB6C61E68F12200EA4411 /* Build configuration list for PBXNativeTarget "FindTheLargestNumberInAnArray" */;
			buildPhases = (
				FFFCB6BB1E68F12200EA4411 /* Sources */,
				FFFCB6BC1E68F12200EA4411 /* Frameworks */,
				FFFCB6BD1E68F12200EA4411 /* CopyFiles */,
			);
			buildRules = (
			);
			dependencies = (
			);
			name = FindTheLargestNumberInAnArray;
			productName = FindTheLargestNumberInAnArray;
			productReference = FFFCB6BF1E68F12200EA4411 /* FindTheLargestNumberInAnArray */;
			productType = "com.apple.product-type.tool";
		};
/* End PBXNativeTarget section */

/* Begin PBXProject section */
		FFFCB6B71E68F12200EA4411 /* Project object */ = {
			isa = PBXProject;
			attributes = {
				LastUpgradeCheck = 0810;
				ORGANIZATIONNAME = "Jimmy Hoang";
				TargetAttributes = {
					FFFCB6BE1E68F12200EA4411 = {
						CreatedOnToolsVersion = 8.1;
						ProvisioningStyle = Automatic;
					};
				};
			};
			buildConfigurationList = FFFCB6BA1E68F12200EA4411 /* Build configuration list for PBXProject "FindTheLargestNumberInAnArray" */;
			compatibilityVersion = "Xcode 3.2";
			developmentRegion = English;
			hasScannedForEncodings = 0;
			knownRegions = (
				en,
			);
			mainGroup = FFFCB6B61E68F12200EA4411;
			productRefGroup = FFFCB6C01E68F12200EA4411 /* Products */;
			projectDirPath = "";
			projectRoot = "";
			targets = (
				FFFCB6BE1E68F12200EA4411 /* FindTheLargestNumberInAnArray */,
			);
		};
/* End PBXProject section */

/* Begin PBXSourcesBuildPhase section */
		FFFCB6BB1E68F12200EA4411 /* Sources */ = {
			isa = PBXSourcesBuildPhase;
			buildActionMask = 2147483647;
			files = (
				FFCD13671E7B20DB009762E1 /* biggestNumber.m in Sources */,
				FFFCB6C31E68F12200EA4411 /* main.m in Sources */,
			);
			runOnlyForDeploymentPostprocessing = 0;
		};
/* End PBXSourcesBuildPhase section */

/* Begin XCBuildConfiguration section */
		FFFCB6C41E68F12200EA4411 /* Debug */ = {
			isa = XCBuildConfiguration;
			buildSettings = {
				ALWAYS_SEARCH_USER_PATHS = NO;
				CLANG_ANALYZER_NONNULL = YES;
				CLANG_CXX_LANGUAGE_STANDARD = "gnu++0x";
				CLANG_CXX_LIBRARY = "libc++";
				CLANG_ENABLE_MODULES = YES;
				CLANG_ENABLE_OBJC_ARC = YES;
				CLANG_WARN_BOOL_CONVERSION = YES;
				CLANG_WARN_CONSTANT_CONVERSION = YES;
				CLANG_WARN_DIRECT_OBJC_ISA_USAGE = YES_ERROR;
				CLANG_WARN_DOCUMENTATION_COMMENTS = YES;
				CLANG_WARN_EMPTY_BODY = YES;
				CLANG_WARN_ENUM_CONVERSION = YES;
				CLANG_WARN_INFINITE_RECURSION = YES;
				CLANG_WARN_INT_CONVERSION = YES;
				CLANG_WARN_OBJC_ROOT_CLASS = YES_ERROR;
				CLANG_WARN_SUSPICIOUS_MOVES = YES;
				CLANG_WARN_UNREACHABLE_CODE = YES;
				CLANG_WARN__DUPLICATE_METHOD_MATCH = YES;
				CODE_SIGN_IDENTITY = "-";
				COPY_PHASE_STRIP = NO;
				DEBUG_INFORMATION_FORMAT = dwarf;
				ENABLE_STRICT_OBJC_MSGSEND = YES;
				ENABLE_TESTABILITY = YES;
				GCC_C_LANGUAGE_STANDARD = gnu99;
				GCC_DYNAMIC_NO_PIC = NO;
				GCC_NO_COMMON_BLOCKS = YES;
				GCC_OPTIMIZATION_LEVEL = 0;
				GCC_PREPROCESSOR_DEFINITIONS = (
					"DEBUG=1",
					"$(inherited)",
				);
				GCC_WARN_64_TO_32_BIT_CONVERSION = YES;
				GCC_WARN_ABOUT_RETURN_TYPE = YES_ERROR;
				GCC_WARN_UNDECLARED_SELECTOR = YES;
				GCC_WARN_UNINITIALIZED_AUTOS = YES_AGGRESSIVE;
				GCC_WARN_UNUSED_FUNCTION = YES;
				GCC_WARN_UNUSED_VARIABLE = YES;
				MACOSX_DEPLOYMENT_TARGET = 10.12;
				MTL_ENABLE_DEBUG_INFO = YES;
				ONLY_ACTIVE_ARCH = YES;
				SDKROOT = macosx;
			};
			name = Debug;
		};
		FFFCB6C51E68F12200EA4411 /* Release */ = {
			isa = XCBuildConfiguration;
			buildSettings = {
				ALWAYS_SEARCH_USER_PATHS = NO;
				CLANG_ANALYZER_NONNULL = YES;
				CLANG_CXX_LANGUAGE_STANDARD = "gnu++0x";
				CLANG_CXX_LIBRARY = "libc++";
				CLANG_ENABLE_MODULES = YES;
				CLANG_ENABLE_OBJC_ARC = YES;
				CLANG_WARN_BOOL_CONVERSION = YES;
				CLANG_WARN_CONSTANT_CONVERSION = YES;
				CLANG_WARN_DIRECT_OBJC_ISA_USAGE = YES_ERROR;
				CLANG_WARN_DOCUMENTATION_COMMENTS = YES;
				CLANG_WARN_EMPTY_BODY = YES;
				CLANG_WARN_ENUM_CONVERSION = YES;
				CLANG_WARN_INFINITE_RECURSION = YES;
				CLANG_WARN_INT_CONVERSION = YES;
				CLANG_WARN_OBJC_ROOT_CLASS = YES_ERROR;
				CLANG_WARN_SUSPICIOUS_MOVES = YES;
				CLANG_WARN_UNREACHABLE_CODE = YES;
				CLANG_WARN__DUPLICATE_METHOD_MATCH = YES;
				CODE_SIGN_IDENTITY = "-";
				COPY_PHASE_STRIP = NO;
				DEBUG_INFORMATION_FORMAT = "dwarf-with-dsym";
				ENABLE_NS_ASSERTIONS = NO;
				ENABLE_STRICT_OBJC_MSGSEND = YES;
				GCC_C_LANGUAGE_STANDARD = gnu99;
				GCC_NO_COMMON_BLOCKS = YES;
				GCC_WARN_64_TO_32_BIT_CONVERSION = YES;
				GCC_WARN_ABOUT_RETURN_TYPE = YES_ERROR;
				GCC_WARN_UNDECLARED_SELECTOR = YES;
				GCC_WARN_UNINITIALIZED_AUTOS = YES_AGGRESSIVE;
				GCC_WARN_UNUSED_FUNCTION = YES;
				GCC_WARN_UNUSED_VARIABLE = YES;
				MACOSX_DEPLOYMENT_TARGET = 10.12;
				MTL_ENABLE_DEBUG_INFO = NO;
				SDKROOT = macosx;
			};
			name = Release;
		};
		FFFCB6C71E68F12200EA4411 /* Debug */ = {
			isa = XCBuildConfiguration;
			buildSettings = {
				PRODUCT_NAME = "$(TARGET_NAME)";
			};
			name = Debug;
		};
		FFFCB6C81E68F12200EA4411 /* Release */ = {
			isa = XCBuildConfiguration;
			buildSettings = {
				PRODUCT_NAME = "$(TARGET_NAME)";
			};
			name = Release;
		};
/* End XCBuildConfiguration section */

/* Begin XCConfigurationList section */
		FFFCB6BA1E68F12200EA4411 /* Build configuration list for PBXProject "FindTheLargestNumberInAnArray" */ = {
			isa = XCConfigurationList;
			buildConfigurations = (
				FFFCB6C41E68F12200EA4411 /* Debug */,
				FFFCB6C51E68F12200EA4411 /* Release */,
			);
			defaultConfigurationIsVisible = 0;
			defaultConfigurationName = Release;
		};
		FFFCB6C61E68F12200EA4411 /* Build configuration list for PBXNativeTarget "FindTheLargestNumberInAnArray" */ = {
			isa = XCConfigurationList;
			buildConfigurations = (
				FFFCB6C71E68F12200EA4411 /* Debug */,
				FFFCB6C81E68F12200EA4411 /* Release */,
			);
			defaultConfigurationIsVisible = 0;
			defaultConfigurationName = Release;
		};
/* End XCConfigurationList section */
	};
	rootObject = FFFCB6B71E68F12200EA4411 /* Project object */;
}
